
Microsoft Visual Studio Solution File, Format Version 12.00
# Visual Studio Version 16
VisualStudioVersion = 16.0.31321.278
MinimumVisualStudioVersion = 10.0.40219.1
Project("{FAE04EC0-301F-11D3-BF4B-00C04F79EFBC}") = "mamasbogrim", "mamasbogrim.csproj", "{2A0FD2D3-3E1E-45BB-90C3-3BA35E2CCEAC}"
EndProject
Global
	GlobalSection(SolutionConfigurationPlatforms) = preSolution
		Debug|Any CPU = Debug|Any CPU
		Release|Any CPU = Release|Any CPU
	EndGlobalSection
	GlobalSection(ProjectConfigurationPlatforms) = postSolution
		{2A0FD2D3-3E1E-45BB-90C3-3BA35E2CCEAC}.Debug|Any CPU.ActiveCfg = Debug|Any CPU
		{2A0FD2D3-3E1E-45BB-90C3-3BA35E2CCEAC}.Debug|Any CPU.Build.0 = Debug|Any CPU
		{2A0FD2D3-3E1E-45BB-90C3-3BA35E2CCEAC}.Release|Any CPU.ActiveCfg = Release|Any CPU
		{2A0FD2D3-3E1E-45BB-90C3-3BA35E2CCEAC}.Release|Any CPU.Build.0 = Release|Any CPU
	EndGlobalSection
	GlobalSection(SolutionProperties) = preSolution
		HideSolutionNode = FALSE
	EndGlobalSection
	GlobalSection(ExtensibilityGlobals) = postSolution
		SolutionGuid = {35E4AB08-7417-4059-B55E-6F00289C7C71}
	EndGlobalSection
EndGlobal
